// !$*UTF8*$!
{
	archiveVersion = 1;
	classes = {
	};
	objectVersion = 46;
	objects = {

/* Begin PBXBuildFile section */
		164F53AF1323F6EA00F4AB0F /* MKLayout.m in Sources */ = {isa = PBXBuildFile; fileRef = 164F53AE1323F6EA00F4AB0F /* MKLayout.m */; };
		165ECD071330415B00AD0A0D /* MagicKeyboard.icns in Resources */ = {isa = PBXBuildFile; fileRef = 165ECD061330415B00AD0A0D /* MagicKeyboard.icns */; };
		165ECD101330420000AD0A0D /* MagicKeyboardMenu.png in Resources */ = {isa = PBXBuildFile; fileRef = 165ECD0D1330420000AD0A0D /* MagicKeyboardMenu.png */; };
		165ECD111330420000AD0A0D /* MagicKeyboardMenuAlt.png in Resources */ = {isa = PBXBuildFile; fileRef = 165ECD0E1330420000AD0A0D /* MagicKeyboardMenuAlt.png */; };
		165ECD121330420000AD0A0D /* MagicKeyboardMenuDis.png in Resources */ = {isa = PBXBuildFile; fileRef = 165ECD0F1330420000AD0A0D /* MagicKeyboardMenuDis.png */; };
		16A01DB4132B106D00116980 /* MKdsa_pub.pem in Resources */ = {isa = PBXBuildFile; fileRef = 16A01DB3132B106D00116980 /* MKdsa_pub.pem */; };
		16AB15D31327ECE600B3D18E /* FeedbackReporter.framework in Frameworks */ = {isa = PBXBuildFile; fileRef = 16AB15D21327ECE600B3D18E /* FeedbackReporter.framework */; };
		16AB15DD1327ECFD00B3D18E /* FeedbackReporter.framework in CopyFiles */ = {isa = PBXBuildFile; fileRef = 16AB15D21327ECE600B3D18E /* FeedbackReporter.framework */; };
		16AB15EB1327F63F00B3D18E /* FRFeedbackReporter.sh in Resources */ = {isa = PBXBuildFile; fileRef = 16AB15EA1327F63F00B3D18E /* FRFeedbackReporter.sh */; };
		16C96C311328DB85007A69C3 /* Sparkle.framework in Frameworks */ = {isa = PBXBuildFile; fileRef = 16C96C301328DB85007A69C3 /* Sparkle.framework */; };
		16C96C3C1328DBB0007A69C3 /* Sparkle.framework in CopyFiles */ = {isa = PBXBuildFile; fileRef = 16C96C301328DB85007A69C3 /* Sparkle.framework */; };
		16EA1085131A35DC00DAB98D /* NumPadFull.xml in Resources */ = {isa = PBXBuildFile; fileRef = 16EA1084131A35DC00DAB98D /* NumPadFull.xml */; };
		16F5391A131B1678003AE6F1 /* Credits.rtf in Resources */ = {isa = PBXBuildFile; fileRef = 16F53919131B1678003AE6F1 /* Credits.rtf */; };
		1DDD58160DA1D0A300B32029 /* MainMenu.xib in Resources */ = {isa = PBXBuildFile; fileRef = 1DDD58140DA1D0A300B32029 /* MainMenu.xib */; };
		256AC3DA0F4B6AC300CF3369 /* MagicKeyboardAppDelegate.m in Sources */ = {isa = PBXBuildFile; fileRef = 256AC3D90F4B6AC300CF3369 /* MagicKeyboardAppDelegate.m */; };
		28110E67121870050026AA8D /* AlphaAnimation.m in Sources */ = {isa = PBXBuildFile; fileRef = 28110E66121870050026AA8D /* AlphaAnimation.m */; };
		281EDBD812179D5500CC2197 /* Tock.aiff in Resources */ = {isa = PBXBuildFile; fileRef = 281EDBD712179D5500CC2197 /* Tock.aiff */; };
		281EDBEA1217ABBA00CC2197 /* QwertyMini.xml in Resources */ = {isa = PBXBuildFile; fileRef = 281EDBE91217ABBA00CC2197 /* QwertyMini.xml */; };
		281EDBF41217AC9F00CC2197 /* MKButton.m in Sources */ = {isa = PBXBuildFile; fileRef = 281EDBF31217AC9F00CC2197 /* MKButton.m */; };
		281FF8781233059100A94DB7 /* ModsMini.png in Resources */ = {isa = PBXBuildFile; fileRef = 281FF8771233059100A94DB7 /* ModsMini.png */; };
		281FF88712330FA200A94DB7 /* ModsMini.xml in Resources */ = {isa = PBXBuildFile; fileRef = 281FF88612330FA200A94DB7 /* ModsMini.xml */; };
		28531B111217816C001AB273 /* MKKeyboard.m in Sources */ = {isa = PBXBuildFile; fileRef = 28531B101217816C001AB273 /* MKKeyboard.m */; };
		28531BB712178E1C001AB273 /* QwertyMini.png in Resources */ = {isa = PBXBuildFile; fileRef = 28531BB612178E1C001AB273 /* QwertyMini.png */; };
		28531BB912178EC4001AB273 /* Tap.png in Resources */ = {isa = PBXBuildFile; fileRef = 28531BB812178EC4001AB273 /* Tap.png */; };
		28554A8B12308D2D0087B886 /* SymbolsMini.xml in Resources */ = {isa = PBXBuildFile; fileRef = 28554A8A12308D2D0087B886 /* SymbolsMini.xml */; };
		2889546E12303F68004F18F0 /* NumsMini.png in Resources */ = {isa = PBXBuildFile; fileRef = 2889546C12303F68004F18F0 /* NumsMini.png */; };
		2889546F12303F68004F18F0 /* SymbolsMini.png in Resources */ = {isa = PBXBuildFile; fileRef = 2889546D12303F68004F18F0 /* SymbolsMini.png */; };
		2891A6571218670E0058CD9C /* MultitouchSupport.framework in Frameworks */ = {isa = PBXBuildFile; fileRef = 2891A6561218670E0058CD9C /* MultitouchSupport.framework */; };
		289F1F47123074C8005920DD /* NumsMini.xml in Resources */ = {isa = PBXBuildFile; fileRef = 289F1F46123074C8005920DD /* NumsMini.xml */; };
		28D4F6A812432E1C002EEA7A /* NumPadFull.png in Resources */ = {isa = PBXBuildFile; fileRef = 28D4F6A712432E1C002EEA7A /* NumPadFull.png */; };
		28D7F72312184CE000D84A57 /* MKWindow.m in Sources */ = {isa = PBXBuildFile; fileRef = 28D7F72212184CE000D84A57 /* MKWindow.m */; };
		8D11072B0486CEB800E47090 /* InfoPlist.strings in Resources */ = {isa = PBXBuildFile; fileRef = 089C165CFE840E0CC02AAC07 /* InfoPlist.strings */; };
		8D11072D0486CEB800E47090 /* main.m in Sources */ = {isa = PBXBuildFile; fileRef = 29B97316FDCFA39411CA2CEA /* main.m */; settings = {ATTRIBUTES = (); }; };
		8D11072F0486CEB800E47090 /* Cocoa.framework in Frameworks */ = {isa = PBXBuildFile; fileRef = 1058C7A1FEA54F0111CA2CBB /* Cocoa.framework */; };
/* End PBXBuildFile section */

/* Begin PBXCopyFilesBuildPhase section */
		16AB15E21327ED0000B3D18E /* CopyFiles */ = {
			isa = PBXCopyFilesBuildPhase;
			buildActionMask = 2147483647;
			dstPath = "";
			dstSubfolderSpec = 10;
			files = (
				16C96C3C1328DBB0007A69C3 /* Sparkle.framework in CopyFiles */,
				16AB15DD1327ECFD00B3D18E /* FeedbackReporter.framework in CopyFiles */,
			);
			runOnlyForDeploymentPostprocessing = 0;
		};
/* End PBXCopyFilesBuildPhase section */

/* Begin PBXFileReference section */
		089C165DFE840E0CC02AAC07 /* English */ = {isa = PBXFileReference; fileEncoding = 4; lastKnownFileType = text.plist.strings; name = English; path = English.lproj/InfoPlist.strings; sourceTree = "<group>"; };
		1058C7A1FEA54F0111CA2CBB /* Cocoa.framework */ = {isa = PBXFileReference; lastKnownFileType = wrapper.framework; name = Cocoa.framework; path = /System/Library/Frameworks/Cocoa.framework; sourceTree = "<absolute>"; };
		164F53AD1323F6EA00F4AB0F /* MKLayout.h */ = {isa = PBXFileReference; fileEncoding = 4; lastKnownFileType = sourcecode.c.h; path = MKLayout.h; sourceTree = "<group>"; };
		164F53AE1323F6EA00F4AB0F /* MKLayout.m */ = {isa = PBXFileReference; fileEncoding = 4; lastKnownFileType = sourcecode.c.objc; path = MKLayout.m; sourceTree = "<group>"; };
		165ECD061330415B00AD0A0D /* MagicKeyboard.icns */ = {isa = PBXFileReference; lastKnownFileType = image.icns; path = MagicKeyboard.icns; sourceTree = "<group>"; };
		165ECD0D1330420000AD0A0D /* MagicKeyboardMenu.png */ = {isa = PBXFileReference; lastKnownFileType = image.png; path = MagicKeyboardMenu.png; sourceTree = "<group>"; };
		165ECD0E1330420000AD0A0D /* MagicKeyboardMenuAlt.png */ = {isa = PBXFileReference; lastKnownFileType = image.png; path = MagicKeyboardMenuAlt.png; sourceTree = "<group>"; };
		165ECD0F1330420000AD0A0D /* MagicKeyboardMenuDis.png */ = {isa = PBXFileReference; lastKnownFileType = image.png; path = MagicKeyboardMenuDis.png; sourceTree = "<group>"; };
		16A01DB3132B106D00116980 /* MKdsa_pub.pem */ = {isa = PBXFileReference; fileEncoding = 4; lastKnownFileType = text; path = MKdsa_pub.pem; sourceTree = "<group>"; };
		16AB15D21327ECE600B3D18E /* FeedbackReporter.framework */ = {isa = PBXFileReference; lastKnownFileType = wrapper.framework; path = FeedbackReporter.framework; sourceTree = "<group>"; };
		16AB15EA1327F63F00B3D18E /* FRFeedbackReporter.sh */ = {isa = PBXFileReference; fileEncoding = 4; lastKnownFileType = text.script.sh; path = FRFeedbackReporter.sh; sourceTree = "<group>"; };
		16C96C301328DB85007A69C3 /* Sparkle.framework */ = {isa = PBXFileReference; lastKnownFileType = wrapper.framework; path = Sparkle.framework; sourceTree = "<group>"; };
		16EA1084131A35DC00DAB98D /* NumPadFull.xml */ = {isa = PBXFileReference; fileEncoding = 4; lastKnownFileType = text.xml; path = NumPadFull.xml; sourceTree = "<group>"; };
		16F53919131B1678003AE6F1 /* Credits.rtf */ = {isa = PBXFileReference; lastKnownFileType = text.rtf; path = Credits.rtf; sourceTree = "<group>"; };
		1DDD58150DA1D0A300B32029 /* English */ = {isa = PBXFileReference; lastKnownFileType = file.xib; name = English; path = English.lproj/MainMenu.xib; sourceTree = "<group>"; };
		256AC3D80F4B6AC300CF3369 /* MagicKeyboardAppDelegate.h */ = {isa = PBXFileReference; fileEncoding = 4; lastKnownFileType = sourcecode.c.h; path = MagicKeyboardAppDelegate.h; sourceTree = "<group>"; };
		256AC3D90F4B6AC300CF3369 /* MagicKeyboardAppDelegate.m */ = {isa = PBXFileReference; fileEncoding = 4; lastKnownFileType = sourcecode.c.objc; path = MagicKeyboardAppDelegate.m; sourceTree = "<group>"; };
		256AC3F00F4B6AF500CF3369 /* MagicKeyboard_Prefix.pch */ = {isa = PBXFileReference; fileEncoding = 4; lastKnownFileType = sourcecode.c.h; path = MagicKeyboard_Prefix.pch; sourceTree = "<group>"; };
		28110E65121870050026AA8D /* AlphaAnimation.h */ = {isa = PBXFileReference; fileEncoding = 4; lastKnownFileType = sourcecode.c.h; path = AlphaAnimation.h; sourceTree = "<group>"; };
		28110E66121870050026AA8D /* AlphaAnimation.m */ = {isa = PBXFileReference; fileEncoding = 4; lastKnownFileType = sourcecode.c.objc; path = AlphaAnimation.m; sourceTree = "<group>"; };
		281EDBD712179D5500CC2197 /* Tock.aiff */ = {isa = PBXFileReference; lastKnownFileType = audio.aiff; path = Tock.aiff; sourceTree = "<group>"; };
		281EDBE91217ABBA00CC2197 /* QwertyMini.xml */ = {isa = PBXFileReference; fileEncoding = 4; lastKnownFileType = text.xml; path = QwertyMini.xml; sourceTree = "<group>"; };
		281EDBF21217AC9F00CC2197 /* MKButton.h */ = {isa = PBXFileReference; fileEncoding = 4; lastKnownFileType = sourcecode.c.h; path = MKButton.h; sourceTree = "<group>"; };
		281EDBF31217AC9F00CC2197 /* MKButton.m */ = {isa = PBXFileReference; fileEncoding = 4; lastKnownFileType = sourcecode.c.objc; path = MKButton.m; sourceTree = "<group>"; };
		281FF8771233059100A94DB7 /* ModsMini.png */ = {isa = PBXFileReference; lastKnownFileType = image.png; path = ModsMini.png; sourceTree = "<group>"; };
		281FF88612330FA200A94DB7 /* ModsMini.xml */ = {isa = PBXFileReference; fileEncoding = 4; lastKnownFileType = text.xml; path = ModsMini.xml; sourceTree = "<group>"; };
		28531B0F1217816C001AB273 /* MKKeyboard.h */ = {isa = PBXFileReference; fileEncoding = 4; lastKnownFileType = sourcecode.c.h; path = MKKeyboard.h; sourceTree = "<group>"; };
		28531B101217816C001AB273 /* MKKeyboard.m */ = {isa = PBXFileReference; fileEncoding = 4; lastKnownFileType = sourcecode.c.objc; path = MKKeyboard.m; sourceTree = "<group>"; };
		28531BB612178E1C001AB273 /* QwertyMini.png */ = {isa = PBXFileReference; lastKnownFileType = image.png; path = QwertyMini.png; sourceTree = "<group>"; };
		28531BB812178EC4001AB273 /* Tap.png */ = {isa = PBXFileReference; lastKnownFileType = image.png; path = Tap.png; sourceTree = "<group>"; };
		28554A8A12308D2D0087B886 /* SymbolsMini.xml */ = {isa = PBXFileReference; fileEncoding = 4; lastKnownFileType = text.xml; path = SymbolsMini.xml; sourceTree = "<group>"; };
		2889546C12303F68004F18F0 /* NumsMini.png */ = {isa = PBXFileReference; lastKnownFileType = image.png; path = NumsMini.png; sourceTree = "<group>"; };
		2889546D12303F68004F18F0 /* SymbolsMini.png */ = {isa = PBXFileReference; lastKnownFileType = image.png; path = SymbolsMini.png; sourceTree = "<group>"; };
		2891A6561218670E0058CD9C /* MultitouchSupport.framework */ = {isa = PBXFileReference; lastKnownFileType = wrapper.framework; name = MultitouchSupport.framework; path = /System/Library/PrivateFrameworks/MultitouchSupport.framework; sourceTree = "<absolute>"; };
		289F1F46123074C8005920DD /* NumsMini.xml */ = {isa = PBXFileReference; fileEncoding = 4; lastKnownFileType = text.xml; path = NumsMini.xml; sourceTree = "<group>"; };
		28D4F6A712432E1C002EEA7A /* NumPadFull.png */ = {isa = PBXFileReference; lastKnownFileType = image.png; path = NumPadFull.png; sourceTree = "<group>"; };
		28D7F72112184CE000D84A57 /* MKWindow.h */ = {isa = PBXFileReference; fileEncoding = 4; lastKnownFileType = sourcecode.c.h; path = MKWindow.h; sourceTree = "<group>"; };
		28D7F72212184CE000D84A57 /* MKWindow.m */ = {isa = PBXFileReference; fileEncoding = 4; lastKnownFileType = sourcecode.c.objc; path = MKWindow.m; sourceTree = "<group>"; };
		29B97316FDCFA39411CA2CEA /* main.m */ = {isa = PBXFileReference; fileEncoding = 4; lastKnownFileType = sourcecode.c.objc; path = main.m; sourceTree = "<group>"; };
		8D1107310486CEB800E47090 /* MagicKeyboard-Info.plist */ = {isa = PBXFileReference; fileEncoding = 4; lastKnownFileType = text.plist.xml; path = "MagicKeyboard-Info.plist"; sourceTree = "<group>"; };
		8D1107320486CEB800E47090 /* MagicKeyboard.app */ = {isa = PBXFileReference; explicitFileType = wrapper.application; includeInIndex = 0; path = MagicKeyboard.app; sourceTree = BUILT_PRODUCTS_DIR; };
/* End PBXFileReference section */

/* Begin PBXFrameworksBuildPhase section */
		8D11072E0486CEB800E47090 /* Frameworks */ = {
			isa = PBXFrameworksBuildPhase;
			buildActionMask = 2147483647;
			files = (
				8D11072F0486CEB800E47090 /* Cocoa.framework in Frameworks */,
				2891A6571218670E0058CD9C /* MultitouchSupport.framework in Frameworks */,
				16AB15D31327ECE600B3D18E /* FeedbackReporter.framework in Frameworks */,
				16C96C311328DB85007A69C3 /* Sparkle.framework in Frameworks */,
			);
			runOnlyForDeploymentPostprocessing = 0;
		};
/* End PBXFrameworksBuildPhase section */

/* Begin PBXGroup section */
		080E96DDFE201D6D7F000001 /* Classes */ = {
			isa = PBXGroup;
			children = (
				28D7F72112184CE000D84A57 /* MKWindow.h */,
				28D7F72212184CE000D84A57 /* MKWindow.m */,
				281EDBF21217AC9F00CC2197 /* MKButton.h */,
				281EDBF31217AC9F00CC2197 /* MKButton.m */,
				28110E65121870050026AA8D /* AlphaAnimation.h */,
				28110E66121870050026AA8D /* AlphaAnimation.m */,
				28531B0F1217816C001AB273 /* MKKeyboard.h */,
				28531B101217816C001AB273 /* MKKeyboard.m */,
				256AC3D80F4B6AC300CF3369 /* MagicKeyboardAppDelegate.h */,
				256AC3D90F4B6AC300CF3369 /* MagicKeyboardAppDelegate.m */,
				164F53AD1323F6EA00F4AB0F /* MKLayout.h */,
				164F53AE1323F6EA00F4AB0F /* MKLayout.m */,
			);
			name = Classes;
			sourceTree = "<group>";
		};
		1058C7A0FEA54F0111CA2CBB /* Linked Frameworks */ = {
			isa = PBXGroup;
			children = (
				16C96C301328DB85007A69C3 /* Sparkle.framework */,
				16AB15D21327ECE600B3D18E /* FeedbackReporter.framework */,
				2891A6561218670E0058CD9C /* MultitouchSupport.framework */,
				1058C7A1FEA54F0111CA2CBB /* Cocoa.framework */,
			);
			name = "Linked Frameworks";
			sourceTree = "<group>";
		};
		1058C7A2FEA54F0111CA2CBB /* Other Frameworks */ = {
			isa = PBXGroup;
			children = (
			);
			name = "Other Frameworks";
			sourceTree = "<group>";
		};
		19C28FACFE9D520D11CA2CBB /* Products */ = {
			isa = PBXGroup;
			children = (
				8D1107320486CEB800E47090 /* MagicKeyboard.app */,
			);
			name = Products;
			sourceTree = "<group>";
		};
		29B97314FDCFA39411CA2CEA /* MagicKeyboard */ = {
			isa = PBXGroup;
			children = (
				080E96DDFE201D6D7F000001 /* Classes */,
				29B97315FDCFA39411CA2CEA /* Other Sources */,
				29B97317FDCFA39411CA2CEA /* Resources */,
				29B97323FDCFA39411CA2CEA /* Frameworks */,
				19C28FACFE9D520D11CA2CBB /* Products */,
			);
			name = MagicKeyboard;
			sourceTree = "<group>";
		};
		29B97315FDCFA39411CA2CEA /* Other Sources */ = {
			isa = PBXGroup;
			children = (
				256AC3F00F4B6AF500CF3369 /* MagicKeyboard_Prefix.pch */,
				29B97316FDCFA39411CA2CEA /* main.m */,
			);
			name = "Other Sources";
			sourceTree = "<group>";
		};
		29B97317FDCFA39411CA2CEA /* Resources */ = {
			isa = PBXGroup;
			children = (
				165ECD061330415B00AD0A0D /* MagicKeyboard.icns */,
				16A01DB3132B106D00116980 /* MKdsa_pub.pem */,
				16F53919131B1678003AE6F1 /* Credits.rtf */,
				165ECD0D1330420000AD0A0D /* MagicKeyboardMenu.png */,
				165ECD0E1330420000AD0A0D /* MagicKeyboardMenuAlt.png */,
				165ECD0F1330420000AD0A0D /* MagicKeyboardMenuDis.png */,
				28D4F6A712432E1C002EEA7A /* NumPadFull.png */,
				16EA1084131A35DC00DAB98D /* NumPadFull.xml */,
				28531BB612178E1C001AB273 /* QwertyMini.png */,
				281EDBE91217ABBA00CC2197 /* QwertyMini.xml */,
				2889546C12303F68004F18F0 /* NumsMini.png */,
				289F1F46123074C8005920DD /* NumsMini.xml */,
				2889546D12303F68004F18F0 /* SymbolsMini.png */,
				28554A8A12308D2D0087B886 /* SymbolsMini.xml */,
				281FF8771233059100A94DB7 /* ModsMini.png */,
				281FF88612330FA200A94DB7 /* ModsMini.xml */,
				28531BB812178EC4001AB273 /* Tap.png */,
				281EDBD712179D5500CC2197 /* Tock.aiff */,
				8D1107310486CEB800E47090 /* MagicKeyboard-Info.plist */,
				089C165CFE840E0CC02AAC07 /* InfoPlist.strings */,
				1DDD58140DA1D0A300B32029 /* MainMenu.xib */,
				16AB15EA1327F63F00B3D18E /* FRFeedbackReporter.sh */,
			);
			name = Resources;
			sourceTree = "<group>";
		};
		29B97323FDCFA39411CA2CEA /* Frameworks */ = {
			isa = PBXGroup;
			children = (
				1058C7A0FEA54F0111CA2CBB /* Linked Frameworks */,
				1058C7A2FEA54F0111CA2CBB /* Other Frameworks */,
			);
			name = Frameworks;
			sourceTree = "<group>";
		};
/* End PBXGroup section */

/* Begin PBXNativeTarget section */
		8D1107260486CEB800E47090 /* MagicKeyboard */ = {
			isa = PBXNativeTarget;
			buildConfigurationList = C01FCF4A08A954540054247B /* Build configuration list for PBXNativeTarget "MagicKeyboard" */;
			buildPhases = (
				8D1107290486CEB800E47090 /* Resources */,
				165FB5271327843C00BAA9F4 /* Run Version Script */,
				8D11072C0486CEB800E47090 /* Sources */,
				8D11072E0486CEB800E47090 /* Frameworks */,
				16AB15E21327ED0000B3D18E /* CopyFiles */,
			);
			buildRules = (
			);
			dependencies = (
			);
			name = MagicKeyboard;
			productInstallPath = "$(HOME)/Applications";
			productName = MagicKeyboard;
			productReference = 8D1107320486CEB800E47090 /* MagicKeyboard.app */;
			productType = "com.apple.product-type.application";
		};
/* End PBXNativeTarget section */

/* Begin PBXProject section */
		29B97313FDCFA39411CA2CEA /* Project object */ = {
			isa = PBXProject;
			attributes = {
				LastUpgradeCheck = 0410;
			};
			buildConfigurationList = C01FCF4E08A954540054247B /* Build configuration list for PBXProject "MagicKeyboard" */;
			compatibilityVersion = "Xcode 3.2";
			developmentRegion = English;
			hasScannedForEncodings = 1;
			knownRegions = (
				en,
			);
			mainGroup = 29B97314FDCFA39411CA2CEA /* MagicKeyboard */;
			projectDirPath = "";
			projectRoot = "";
			targets = (
				8D1107260486CEB800E47090 /* MagicKeyboard */,
			);
		};
/* End PBXProject section */

/* Begin PBXResourcesBuildPhase section */
		8D1107290486CEB800E47090 /* Resources */ = {
			isa = PBXResourcesBuildPhase;
			buildActionMask = 2147483647;
			files = (
				8D11072B0486CEB800E47090 /* InfoPlist.strings in Resources */,
				1DDD58160DA1D0A300B32029 /* MainMenu.xib in Resources */,
				28531BB712178E1C001AB273 /* QwertyMini.png in Resources */,
				28531BB912178EC4001AB273 /* Tap.png in Resources */,
				281EDBD812179D5500CC2197 /* Tock.aiff in Resources */,
				281EDBEA1217ABBA00CC2197 /* QwertyMini.xml in Resources */,
				2889546E12303F68004F18F0 /* NumsMini.png in Resources */,
				2889546F12303F68004F18F0 /* SymbolsMini.png in Resources */,
				289F1F47123074C8005920DD /* NumsMini.xml in Resources */,
				28554A8B12308D2D0087B886 /* SymbolsMini.xml in Resources */,
				281FF8781233059100A94DB7 /* ModsMini.png in Resources */,
				281FF88712330FA200A94DB7 /* ModsMini.xml in Resources */,
				28D4F6A812432E1C002EEA7A /* NumPadFull.png in Resources */,
				16EA1085131A35DC00DAB98D /* NumPadFull.xml in Resources */,
				16F5391A131B1678003AE6F1 /* Credits.rtf in Resources */,
				16AB15EB1327F63F00B3D18E /* FRFeedbackReporter.sh in Resources */,
				16A01DB4132B106D00116980 /* MKdsa_pub.pem in Resources */,
				165ECD071330415B00AD0A0D /* MagicKeyboard.icns in Resources */,
				165ECD101330420000AD0A0D /* MagicKeyboardMenu.png in Resources */,
				165ECD111330420000AD0A0D /* MagicKeyboardMenuAlt.png in Resources */,
				165ECD121330420000AD0A0D /* MagicKeyboardMenuDis.png in Resources */,
			);
			runOnlyForDeploymentPostprocessing = 0;
		};
/* End PBXResourcesBuildPhase section */

/* Begin PBXShellScriptBuildPhase section */
		165FB5271327843C00BAA9F4 /* Run Version Script */ = {
			isa = PBXShellScriptBuildPhase;
			buildActionMask = 2147483647;
			files = (
			);
			inputPaths = (
			);
			name = "Run Version Script";
			outputPaths = (
			);
			runOnlyForDeploymentPostprocessing = 0;
			shellPath = /bin/sh;
			shellScript = "./UpdateRevision.sh\n";
		};
/* End PBXShellScriptBuildPhase section */

/* Begin PBXSourcesBuildPhase section */
		8D11072C0486CEB800E47090 /* Sources */ = {
			isa = PBXSourcesBuildPhase;
			buildActionMask = 2147483647;
			files = (
				8D11072D0486CEB800E47090 /* main.m in Sources */,
				256AC3DA0F4B6AC300CF3369 /* MagicKeyboardAppDelegate.m in Sources */,
				28531B111217816C001AB273 /* MKKeyboard.m in Sources */,
				281EDBF41217AC9F00CC2197 /* MKButton.m in Sources */,
				28D7F72312184CE000D84A57 /* MKWindow.m in Sources */,
				28110E67121870050026AA8D /* AlphaAnimation.m in Sources */,
				164F53AF1323F6EA00F4AB0F /* MKLayout.m in Sources */,
			);
			runOnlyForDeploymentPostprocessing = 0;
		};
/* End PBXSourcesBuildPhase section */

/* Begin PBXVariantGroup section */
		089C165CFE840E0CC02AAC07 /* InfoPlist.strings */ = {
			isa = PBXVariantGroup;
			children = (
				089C165DFE840E0CC02AAC07 /* English */,
			);
			name = InfoPlist.strings;
			sourceTree = "<group>";
		};
		1DDD58140DA1D0A300B32029 /* MainMenu.xib */ = {
			isa = PBXVariantGroup;
			children = (
				1DDD58150DA1D0A300B32029 /* English */,
			);
			name = MainMenu.xib;
			sourceTree = "<group>";
		};
/* End PBXVariantGroup section */

/* Begin XCBuildConfiguration section */
		C01FCF4B08A954540054247B /* Debug */ = {
			isa = XCBuildConfiguration;
			buildSettings = {
				ALWAYS_SEARCH_USER_PATHS = NO;
				COPY_PHASE_STRIP = NO;
				FRAMEWORK_SEARCH_PATHS = (
					"$(inherited)",
					"\"$(SYSTEM_LIBRARY_DIR)/PrivateFrameworks\"",
					"\"$(SRCROOT)\"",
				);
				GCC_DYNAMIC_NO_PIC = NO;
				GCC_OPTIMIZATION_LEVEL = 0;
				GCC_PRECOMPILE_PREFIX_HEADER = YES;
				GCC_PREFIX_HEADER = MagicKeyboard_Prefix.pch;
				INFOPLIST_FILE = "MagicKeyboard-Info.plist";
				INSTALL_PATH = "$(HOME)/Applications";
				MACOSX_DEPLOYMENT_TARGET = 10.6;
				PRODUCT_NAME = MagicKeyboard;
			};
			name = Debug;
		};
		C01FCF4C08A954540054247B /* Release */ = {
			isa = XCBuildConfiguration;
			buildSettings = {
				ALWAYS_SEARCH_USER_PATHS = NO;
				DEBUG_INFORMATION_FORMAT = "dwarf-with-dsym";
				FRAMEWORK_SEARCH_PATHS = (
					"$(inherited)",
					"\"$(SYSTEM_LIBRARY_DIR)/PrivateFrameworks\"",
					"\"$(SRCROOT)\"",
				);
				GCC_PRECOMPILE_PREFIX_HEADER = YES;
				GCC_PREFIX_HEADER = MagicKeyboard_Prefix.pch;
				INFOPLIST_FILE = "MagicKeyboard-Info.plist";
				INSTALL_PATH = "$(HOME)/Applications";
				MACOSX_DEPLOYMENT_TARGET = 10.6;
				PRODUCT_NAME = MagicKeyboard;
			};
			name = Release;
		};
		C01FCF4F08A954540054247B /* Debug */ = {
			isa = XCBuildConfiguration;
			buildSettings = {
				ARCHS = "$(ARCHS_STANDARD_32_64_BIT)";
				GCC_C_LANGUAGE_STANDARD = gnu99;
				GCC_OPTIMIZATION_LEVEL = 0;
				GCC_WARN_64_TO_32_BIT_CONVERSION = YES;
				GCC_WARN_ABOUT_MISSING_FIELD_INITIALIZERS = YES;
				GCC_WARN_ABOUT_MISSING_NEWLINE = YES;
				GCC_WARN_ABOUT_RETURN_TYPE = YES;
				GCC_WARN_CHECK_SWITCH_STATEMENTS = YES;
				GCC_WARN_INITIALIZER_NOT_FULLY_BRACKETED = YES;
				GCC_WARN_MISSING_PARENTHESES = YES;
				GCC_WARN_SHADOW = YES;
				GCC_WARN_SIGN_COMPARE = YES;
				GCC_WARN_UNUSED_FUNCTION = YES;
				GCC_WARN_UNUSED_LABEL = YES;
				GCC_WARN_UNUSED_PARAMETER = YES;
				GCC_WARN_UNUSED_VALUE = YES;
				GCC_WARN_UNUSED_VARIABLE = YES;
				ONLY_ACTIVE_ARCH = YES;
				SDKROOT = macosx;
			};
			name = Debug;
		};
		C01FCF5008A954540054247B /* Release */ = {
			isa = XCBuildConfiguration;
			buildSettings = {
				ARCHS = "$(ARCHS_STANDARD_32_64_BIT)";
				GCC_C_LANGUAGE_STANDARD = gnu99;
				GCC_WARN_64_TO_32_BIT_CONVERSION = YES;
				GCC_WARN_ABOUT_MISSING_FIELD_INITIALIZERS = YES;
				GCC_WARN_ABOUT_MISSING_NEWLINE = YES;
				GCC_WARN_ABOUT_RETURN_TYPE = YES;
				GCC_WARN_CHECK_SWITCH_STATEMENTS = YES;
				GCC_WARN_INITIALIZER_NOT_FULLY_BRACKETED = YES;
				GCC_WARN_MISSING_PARENTHESES = YES;
				GCC_WARN_SHADOW = YES;
				GCC_WARN_SIGN_COMPARE = YES;
				GCC_WARN_UNUSED_FUNCTION = YES;
				GCC_WARN_UNUSED_LABEL = YES;
				GCC_WARN_UNUSED_PARAMETER = YES;
				GCC_WARN_UNUSED_VALUE = YES;
				GCC_WARN_UNUSED_VARIABLE = YES;
				SDKROOT = macosx;
			};
			name = Release;
		};
/* End XCBuildConfiguration section */

/* Begin XCConfigurationList section */
		C01FCF4A08A954540054247B /* Build configuration list for PBXNativeTarget "MagicKeyboard" */ = {
			isa = XCConfigurationList;
			buildConfigurations = (
				C01FCF4B08A954540054247B /* Debug */,
				C01FCF4C08A954540054247B /* Release */,
			);
			defaultConfigurationIsVisible = 0;
			defaultConfigurationName = Release;
		};
		C01FCF4E08A954540054247B /* Build configuration list for PBXProject "MagicKeyboard" */ = {
			isa = XCConfigurationList;
			buildConfigurations = (
				C01FCF4F08A954540054247B /* Debug */,
				C01FCF5008A954540054247B /* Release */,
			);
			defaultConfigurationIsVisible = 0;
			defaultConfigurationName = Release;
		};
/* End XCConfigurationList section */
	};
	rootObject = 29B97313FDCFA39411CA2CEA /* Project object */;
}
